
Microsoft Visual Studio Solution File, Format Version 12.00
# Visual Studio 15
VisualStudioVersion = 15.0.28010.2003
MinimumVisualStudioVersion = 10.0.40219.1
Project("{9A19103F-16F7-4668-BE54-9A1E7A4F7556}") = "Deserialiser", "Deserialiser\Deserialiser.csproj", "{6BEC4EC8-E3D6-4F56-BE32-8397849C7A2F}"
EndProject
Project("{9A19103F-16F7-4668-BE54-9A1E7A4F7556}") = "Debug", "Debug\Debug.csproj", "{6F311740-296C-4816-B82E-0CA9D5B113DF}"
EndProject
Project("{FAE04EC0-301F-11D3-BF4B-00C04F79EFBC}") = "Benchmarks", "Benchmarks\Benchmarks.csproj", "{DEE2620F-9779-400A-9DE3-AD6FDA6BE101}"
EndProject
Global
	GlobalSection(SolutionConfigurationPlatforms) = preSolution
		Debug|Any CPU = Debug|Any CPU
		Release|Any CPU = Release|Any CPU
	EndGlobalSection
	GlobalSection(ProjectConfigurationPlatforms) = postSolution
		{6BEC4EC8-E3D6-4F56-BE32-8397849C7A2F}.Debug|Any CPU.ActiveCfg = Debug|Any CPU
		{6BEC4EC8-E3D6-4F56-BE32-8397849C7A2F}.Debug|Any CPU.Build.0 = Debug|Any CPU
		{6BEC4EC8-E3D6-4F56-BE32-8397849C7A2F}.Release|Any CPU.ActiveCfg = Release|Any CPU
		{6BEC4EC8-E3D6-4F56-BE32-8397849C7A2F}.Release|Any CPU.Build.0 = Release|Any CPU
		{6F311740-296C-4816-B82E-0CA9D5B113DF}.Debug|Any CPU.ActiveCfg = Debug|Any CPU
		{6F311740-296C-4816-B82E-0CA9D5B113DF}.Debug|Any CPU.Build.0 = Debug|Any CPU
		{6F311740-296C-4816-B82E-0CA9D5B113DF}.Release|Any CPU.ActiveCfg = Release|Any CPU
		{6F311740-296C-4816-B82E-0CA9D5B113DF}.Release|Any CPU.Build.0 = Release|Any CPU
		{DEE2620F-9779-400A-9DE3-AD6FDA6BE101}.Debug|Any CPU.ActiveCfg = Debug|Any CPU
		{DEE2620F-9779-400A-9DE3-AD6FDA6BE101}.Debug|Any CPU.Build.0 = Debug|Any CPU
		{DEE2620F-9779-400A-9DE3-AD6FDA6BE101}.Release|Any CPU.ActiveCfg = Release|Any CPU
		{DEE2620F-9779-400A-9DE3-AD6FDA6BE101}.Release|Any CPU.Build.0 = Release|Any CPU
	EndGlobalSection
	GlobalSection(SolutionProperties) = preSolution
		HideSolutionNode = FALSE
	EndGlobalSection
	GlobalSection(ExtensibilityGlobals) = postSolution
		SolutionGuid = {BF365BCC-CF6B-4C83-B2A5-D7D0FEA3CA64}
	EndGlobalSection
EndGlobal
